
Microsoft Visual Studio Solution File, Format Version 12.00
# Visual Studio 15
VisualStudioVersion = 15.0.26730.12
MinimumVisualStudioVersion = 10.0.40219.1
Project("{8BC9CEB8-8B4A-11D0-8D11-00A0C91BC942}") = "OSC-light", "OSC-light\OSC-light.vcxproj", "{381D80D3-5438-4EA7-875E-B21B6D91F65E}"
EndProject
Project("{8BC9CEB8-8B4A-11D0-8D11-00A0C91BC942}") = "OSC-lightUnitTest", "OSC-lightUnitTest\OSC-lightUnitTest.vcxproj", "{6646A615-1217-4A91-A032-05700E5659B9}"
EndProject
Global
	GlobalSection(SolutionConfigurationPlatforms) = preSolution
		Debug|x64 = Debug|x64
		Debug|x86 = Debug|x86
		Release|x64 = Release|x64
		Release|x86 = Release|x86
	EndGlobalSection
	GlobalSection(ProjectConfigurationPlatforms) = postSolution
		{381D80D3-5438-4EA7-875E-B21B6D91F65E}.Debug|x64.ActiveCfg = Debug|Win32
		{381D80D3-5438-4EA7-875E-B21B6D91F65E}.Debug|x86.ActiveCfg = Debug|Win32
		{381D80D3-5438-4EA7-875E-B21B6D91F65E}.Debug|x86.Build.0 = Debug|Win32
		{381D80D3-5438-4EA7-875E-B21B6D91F65E}.Release|x64.ActiveCfg = Release|Win32
		{381D80D3-5438-4EA7-875E-B21B6D91F65E}.Release|x86.ActiveCfg = Release|Win32
		{381D80D3-5438-4EA7-875E-B21B6D91F65E}.Release|x86.Build.0 = Release|Win32
		{6646A615-1217-4A91-A032-05700E5659B9}.Debug|x64.ActiveCfg = Debug|x64
		{6646A615-1217-4A91-A032-05700E5659B9}.Debug|x64.Build.0 = Debug|x64
		{6646A615-1217-4A91-A032-05700E5659B9}.Debug|x86.ActiveCfg = Debug|Win32
		{6646A615-1217-4A91-A032-05700E5659B9}.Debug|x86.Build.0 = Debug|Win32
		{6646A615-1217-4A91-A032-05700E5659B9}.Release|x64.ActiveCfg = Release|x64
		{6646A615-1217-4A91-A032-05700E5659B9}.Release|x64.Build.0 = Release|x64
		{6646A615-1217-4A91-A032-05700E5659B9}.Release|x86.ActiveCfg = Release|Win32
		{6646A615-1217-4A91-A032-05700E5659B9}.Release|x86.Build.0 = Release|Win32
	EndGlobalSection
	GlobalSection(SolutionProperties) = preSolution
		HideSolutionNode = FALSE
	EndGlobalSection
	GlobalSection(ExtensibilityGlobals) = postSolution
		SolutionGuid = {09E28ECF-1E7D-4AC9-B704-4A16452FF85E}
	EndGlobalSection
EndGlobal
